
Microsoft Visual Studio Solution File, Format Version 12.00
# Visual Studio Version 16
VisualStudioVersion = 16.0.29418.71
MinimumVisualStudioVersion = 10.0.40219.1
Project("{9A19103F-16F7-4668-BE54-9A1E7A4F7556}") = "ProductX", "ProductX\ProductX.csproj", "{7752887B-4B34-4F68-8567-1A7E59FFDAE3}"
EndProject
Project("{2150E333-8FDC-42A3-9474-1A3956D46DE8}") = "Infrastructure", "Infrastructure", "{31F564A7-2373-4BD5-A51D-0299800F4FF4}"
	ProjectSection(SolutionItems) = preProject
		Infrastructure\main.tf = Infrastructure\main.tf
		Infrastructure\outputs.tf = Infrastructure\outputs.tf
		Infrastructure\variables.tf = Infrastructure\variables.tf
	EndProjectSection
EndProject
Global
	GlobalSection(SolutionConfigurationPlatforms) = preSolution
		Debug|Any CPU = Debug|Any CPU
		Release|Any CPU = Release|Any CPU
	EndGlobalSection
	GlobalSection(ProjectConfigurationPlatforms) = postSolution
		{7752887B-4B34-4F68-8567-1A7E59FFDAE3}.Debug|Any CPU.ActiveCfg = Debug|Any CPU
		{7752887B-4B34-4F68-8567-1A7E59FFDAE3}.Debug|Any CPU.Build.0 = Debug|Any CPU
		{7752887B-4B34-4F68-8567-1A7E59FFDAE3}.Release|Any CPU.ActiveCfg = Release|Any CPU
		{7752887B-4B34-4F68-8567-1A7E59FFDAE3}.Release|Any CPU.Build.0 = Release|Any CPU
	EndGlobalSection
	GlobalSection(SolutionProperties) = preSolution
		HideSolutionNode = FALSE
	EndGlobalSection
	GlobalSection(ExtensibilityGlobals) = postSolution
		SolutionGuid = {A176DB9B-51CF-4798-9C4A-8EADE07D3F01}
	EndGlobalSection
EndGlobal
